
Microsoft Visual Studio Solution File, Format Version 12.00
# Visual Studio Version 16
VisualStudioVersion = 16.0.30907.101
MinimumVisualStudioVersion = 10.0.40219.1
Project("{FAE04EC0-301F-11D3-BF4B-00C04F79EFBC}") = "WindowsFormCalculator", "WindowsFormCalculator\WindowsFormCalculator.csproj", "{FD75C203-E3BA-4167-95F0-4770A63E9B2E}"
EndProject
Global
	GlobalSection(SolutionConfigurationPlatforms) = preSolution
		Debug|Any CPU = Debug|Any CPU
		Release|Any CPU = Release|Any CPU
	EndGlobalSection
	GlobalSection(ProjectConfigurationPlatforms) = postSolution
		{FD75C203-E3BA-4167-95F0-4770A63E9B2E}.Debug|Any CPU.ActiveCfg = Debug|Any CPU
		{FD75C203-E3BA-4167-95F0-4770A63E9B2E}.Debug|Any CPU.Build.0 = Debug|Any CPU
		{FD75C203-E3BA-4167-95F0-4770A63E9B2E}.Release|Any CPU.ActiveCfg = Release|Any CPU
		{FD75C203-E3BA-4167-95F0-4770A63E9B2E}.Release|Any CPU.Build.0 = Release|Any CPU
	EndGlobalSection
	GlobalSection(SolutionProperties) = preSolution
		HideSolutionNode = FALSE
	EndGlobalSection
	GlobalSection(ExtensibilityGlobals) = postSolution
		SolutionGuid = {28ED1679-77DD-4FA6-893E-0BA86D106552}
	EndGlobalSection
EndGlobal
