
Microsoft Visual Studio Solution File, Format Version 12.00
# Visual Studio Version 16
VisualStudioVersion = 16.0.29926.136
MinimumVisualStudioVersion = 10.0.40219.1
Project("{FAE04EC0-301F-11D3-BF4B-00C04F79EFBC}") = "CourierManagement", "CourierManagement\CourierManagement.csproj", "{8B8C2D7D-FF8D-4337-A8DB-A9918EF65701}"
EndProject
Global
	GlobalSection(SolutionConfigurationPlatforms) = preSolution
		Debug|Any CPU = Debug|Any CPU
		Release|Any CPU = Release|Any CPU
	EndGlobalSection
	GlobalSection(ProjectConfigurationPlatforms) = postSolution
		{8B8C2D7D-FF8D-4337-A8DB-A9918EF65701}.Debug|Any CPU.ActiveCfg = Debug|Any CPU
		{8B8C2D7D-FF8D-4337-A8DB-A9918EF65701}.Debug|Any CPU.Build.0 = Debug|Any CPU
		{8B8C2D7D-FF8D-4337-A8DB-A9918EF65701}.Release|Any CPU.ActiveCfg = Release|Any CPU
		{8B8C2D7D-FF8D-4337-A8DB-A9918EF65701}.Release|Any CPU.Build.0 = Release|Any CPU
	EndGlobalSection
	GlobalSection(SolutionProperties) = preSolution
		HideSolutionNode = FALSE
	EndGlobalSection
	GlobalSection(ExtensibilityGlobals) = postSolution
		SolutionGuid = {5513BE25-460E-4A49-9751-C786169247BD}
	EndGlobalSection
EndGlobal
